
Microsoft Visual Studio Solution File, Format Version 12.00
# Visual Studio Version 16
VisualStudioVersion = 16.0.29613.14
MinimumVisualStudioVersion = 10.0.40219.1
Project("{FAE04EC0-301F-11D3-BF4B-00C04F79EFBC}") = "Connectivity", "Connectivity\Connectivity.csproj", "{E6541D06-3E71-4269-8518-A4EF41916095}"
EndProject
Project("{FAE04EC0-301F-11D3-BF4B-00C04F79EFBC}") = "UserDetails", "..\..\..\Downloads\UserDetail.zip\UserDetails.csproj", "{51BFC570-7C94-469E-BE2F-8EE454B3CF03}"
EndProject
Global
	GlobalSection(SolutionConfigurationPlatforms) = preSolution
		Debug|Any CPU = Debug|Any CPU
		Release|Any CPU = Release|Any CPU
	EndGlobalSection
	GlobalSection(ProjectConfigurationPlatforms) = postSolution
		{E6541D06-3E71-4269-8518-A4EF41916095}.Debug|Any CPU.ActiveCfg = Debug|Any CPU
		{E6541D06-3E71-4269-8518-A4EF41916095}.Debug|Any CPU.Build.0 = Debug|Any CPU
		{E6541D06-3E71-4269-8518-A4EF41916095}.Release|Any CPU.ActiveCfg = Release|Any CPU
		{E6541D06-3E71-4269-8518-A4EF41916095}.Release|Any CPU.Build.0 = Release|Any CPU
		{51BFC570-7C94-469E-BE2F-8EE454B3CF03}.Debug|Any CPU.ActiveCfg = Debug|Any CPU
		{51BFC570-7C94-469E-BE2F-8EE454B3CF03}.Debug|Any CPU.Build.0 = Debug|Any CPU
		{51BFC570-7C94-469E-BE2F-8EE454B3CF03}.Release|Any CPU.ActiveCfg = Release|Any CPU
		{51BFC570-7C94-469E-BE2F-8EE454B3CF03}.Release|Any CPU.Build.0 = Release|Any CPU
	EndGlobalSection
	GlobalSection(SolutionProperties) = preSolution
		HideSolutionNode = FALSE
	EndGlobalSection
	GlobalSection(ExtensibilityGlobals) = postSolution
		SolutionGuid = {943532C6-D5CB-4A66-AB18-B538F7EE0316}
	EndGlobalSection
EndGlobal
